// !$*UTF8*$!
{
	archiveVersion = 1;
	classes = {
	};
	objectVersion = 46;
	objects = {

/* Begin PBXBuildFile section */
		24B3165C1EC378E600F8B3A8 /* AppDelegate.swift in Sources */ = {isa = PBXBuildFile; fileRef = 24B3165B1EC378E600F8B3A8 /* AppDelegate.swift */; };
		24B3165E1EC378E600F8B3A8 /* ViewController.swift in Sources */ = {isa = PBXBuildFile; fileRef = 24B3165D1EC378E600F8B3A8 /* ViewController.swift */; };
		24B316611EC378E600F8B3A8 /* Main.storyboard in Resources */ = {isa = PBXBuildFile; fileRef = 24B3165F1EC378E600F8B3A8 /* Main.storyboard */; };
		24B316631EC378E600F8B3A8 /* Assets.xcassets in Resources */ = {isa = PBXBuildFile; fileRef = 24B316621EC378E600F8B3A8 /* Assets.xcassets */; };
		24B316661EC378E600F8B3A8 /* LaunchScreen.storyboard in Resources */ = {isa = PBXBuildFile; fileRef = 24B316641EC378E600F8B3A8 /* LaunchScreen.storyboard */; };
		24B316711EC378E600F8B3A8 /* ATMHackathonAppTests.swift in Sources */ = {isa = PBXBuildFile; fileRef = 24B316701EC378E600F8B3A8 /* ATMHackathonAppTests.swift */; };
		24B3167C1EC378E600F8B3A8 /* ATMHackathonAppUITests.swift in Sources */ = {isa = PBXBuildFile; fileRef = 24B3167B1EC378E600F8B3A8 /* ATMHackathonAppUITests.swift */; };
		24B316811EC378E600F8B3A8 /* ATMHackathonApp WatchKit App.app in Embed Watch Content */ = {isa = PBXBuildFile; fileRef = 24B316801EC378E600F8B3A8 /* ATMHackathonApp WatchKit App.app */; };
		24B316871EC378E600F8B3A8 /* Interface.storyboard in Resources */ = {isa = PBXBuildFile; fileRef = 24B316851EC378E600F8B3A8 /* Interface.storyboard */; };
		24B316891EC378E600F8B3A8 /* Assets.xcassets in Resources */ = {isa = PBXBuildFile; fileRef = 24B316881EC378E600F8B3A8 /* Assets.xcassets */; };
		24B316901EC378E600F8B3A8 /* ATMHackathonApp WatchKit Extension.appex in Embed App Extensions */ = {isa = PBXBuildFile; fileRef = 24B3168F1EC378E600F8B3A8 /* ATMHackathonApp WatchKit Extension.appex */; settings = {ATTRIBUTES = (RemoveHeadersOnCopy, ); }; };
		24B316971EC378E600F8B3A8 /* InterfaceController.swift in Sources */ = {isa = PBXBuildFile; fileRef = 24B316961EC378E600F8B3A8 /* InterfaceController.swift */; };
		24B316991EC378E600F8B3A8 /* ExtensionDelegate.swift in Sources */ = {isa = PBXBuildFile; fileRef = 24B316981EC378E600F8B3A8 /* ExtensionDelegate.swift */; };
		24B3169B1EC378E600F8B3A8 /* NotificationController.swift in Sources */ = {isa = PBXBuildFile; fileRef = 24B3169A1EC378E600F8B3A8 /* NotificationController.swift */; };
		24B3169D1EC378E600F8B3A8 /* Assets.xcassets in Resources */ = {isa = PBXBuildFile; fileRef = 24B3169C1EC378E600F8B3A8 /* Assets.xcassets */; };
/* End PBXBuildFile section */

/* Begin PBXContainerItemProxy section */
		24B3166D1EC378E600F8B3A8 /* PBXContainerItemProxy */ = {
			isa = PBXContainerItemProxy;
			containerPortal = 24B316501EC378E600F8B3A8 /* Project object */;
			proxyType = 1;
			remoteGlobalIDString = 24B316571EC378E600F8B3A8;
			remoteInfo = ATMHackathonApp;
		};
		24B316781EC378E600F8B3A8 /* PBXContainerItemProxy */ = {
			isa = PBXContainerItemProxy;
			containerPortal = 24B316501EC378E600F8B3A8 /* Project object */;
			proxyType = 1;
			remoteGlobalIDString = 24B316571EC378E600F8B3A8;
			remoteInfo = ATMHackathonApp;
		};
		24B316821EC378E600F8B3A8 /* PBXContainerItemProxy */ = {
			isa = PBXContainerItemProxy;
			containerPortal = 24B316501EC378E600F8B3A8 /* Project object */;
			proxyType = 1;
			remoteGlobalIDString = 24B3167F1EC378E600F8B3A8;
			remoteInfo = "ATMHackathonApp WatchKit App";
		};
		24B316911EC378E600F8B3A8 /* PBXContainerItemProxy */ = {
			isa = PBXContainerItemProxy;
			containerPortal = 24B316501EC378E600F8B3A8 /* Project object */;
			proxyType = 1;
			remoteGlobalIDString = 24B3168E1EC378E600F8B3A8;
			remoteInfo = "ATMHackathonApp WatchKit Extension";
		};
/* End PBXContainerItemProxy section */

/* Begin PBXCopyFilesBuildPhase section */
		24B316A41EC378E600F8B3A8 /* Embed App Extensions */ = {
			isa = PBXCopyFilesBuildPhase;
			buildActionMask = 2147483647;
			dstPath = "";
			dstSubfolderSpec = 13;
			files = (
				24B316901EC378E600F8B3A8 /* ATMHackathonApp WatchKit Extension.appex in Embed App Extensions */,
			);
			name = "Embed App Extensions";
			runOnlyForDeploymentPostprocessing = 0;
		};
		24B316A81EC378E600F8B3A8 /* Embed Watch Content */ = {
			isa = PBXCopyFilesBuildPhase;
			buildActionMask = 2147483647;
			dstPath = "$(CONTENTS_FOLDER_PATH)/Watch";
			dstSubfolderSpec = 16;
			files = (
				24B316811EC378E600F8B3A8 /* ATMHackathonApp WatchKit App.app in Embed Watch Content */,
			);
			name = "Embed Watch Content";
			runOnlyForDeploymentPostprocessing = 0;
		};
/* End PBXCopyFilesBuildPhase section */

/* Begin PBXFileReference section */
		24B316581EC378E600F8B3A8 /* ATMHackathonApp.app */ = {isa = PBXFileReference; explicitFileType = wrapper.application; includeInIndex = 0; path = ATMHackathonApp.app; sourceTree = BUILT_PRODUCTS_DIR; };
		24B3165B1EC378E600F8B3A8 /* AppDelegate.swift */ = {isa = PBXFileReference; lastKnownFileType = sourcecode.swift; path = AppDelegate.swift; sourceTree = "<group>"; };
		24B3165D1EC378E600F8B3A8 /* ViewController.swift */ = {isa = PBXFileReference; lastKnownFileType = sourcecode.swift; path = ViewController.swift; sourceTree = "<group>"; };
		24B316601EC378E600F8B3A8 /* Base */ = {isa = PBXFileReference; lastKnownFileType = file.storyboard; name = Base; path = Base.lproj/Main.storyboard; sourceTree = "<group>"; };
		24B316621EC378E600F8B3A8 /* Assets.xcassets */ = {isa = PBXFileReference; lastKnownFileType = folder.assetcatalog; path = Assets.xcassets; sourceTree = "<group>"; };
		24B316651EC378E600F8B3A8 /* Base */ = {isa = PBXFileReference; lastKnownFileType = file.storyboard; name = Base; path = Base.lproj/LaunchScreen.storyboard; sourceTree = "<group>"; };
		24B316671EC378E600F8B3A8 /* Info.plist */ = {isa = PBXFileReference; lastKnownFileType = text.plist.xml; path = Info.plist; sourceTree = "<group>"; };
		24B3166C1EC378E600F8B3A8 /* ATMHackathonAppTests.xctest */ = {isa = PBXFileReference; explicitFileType = wrapper.cfbundle; includeInIndex = 0; path = ATMHackathonAppTests.xctest; sourceTree = BUILT_PRODUCTS_DIR; };
		24B316701EC378E600F8B3A8 /* ATMHackathonAppTests.swift */ = {isa = PBXFileReference; lastKnownFileType = sourcecode.swift; path = ATMHackathonAppTests.swift; sourceTree = "<group>"; };
		24B316721EC378E600F8B3A8 /* Info.plist */ = {isa = PBXFileReference; lastKnownFileType = text.plist.xml; path = Info.plist; sourceTree = "<group>"; };
		24B316771EC378E600F8B3A8 /* ATMHackathonAppUITests.xctest */ = {isa = PBXFileReference; explicitFileType = wrapper.cfbundle; includeInIndex = 0; path = ATMHackathonAppUITests.xctest; sourceTree = BUILT_PRODUCTS_DIR; };
		24B3167B1EC378E600F8B3A8 /* ATMHackathonAppUITests.swift */ = {isa = PBXFileReference; lastKnownFileType = sourcecode.swift; path = ATMHackathonAppUITests.swift; sourceTree = "<group>"; };
		24B3167D1EC378E600F8B3A8 /* Info.plist */ = {isa = PBXFileReference; lastKnownFileType = text.plist.xml; path = Info.plist; sourceTree = "<group>"; };
		24B316801EC378E600F8B3A8 /* ATMHackathonApp WatchKit App.app */ = {isa = PBXFileReference; explicitFileType = wrapper.application; includeInIndex = 0; path = "ATMHackathonApp WatchKit App.app"; sourceTree = BUILT_PRODUCTS_DIR; };
		24B316861EC378E600F8B3A8 /* Base */ = {isa = PBXFileReference; lastKnownFileType = file.storyboard; name = Base; path = Base.lproj/Interface.storyboard; sourceTree = "<group>"; };
		24B316881EC378E600F8B3A8 /* Assets.xcassets */ = {isa = PBXFileReference; lastKnownFileType = folder.assetcatalog; path = Assets.xcassets; sourceTree = "<group>"; };
		24B3168A1EC378E600F8B3A8 /* Info.plist */ = {isa = PBXFileReference; lastKnownFileType = text.plist.xml; path = Info.plist; sourceTree = "<group>"; };
		24B3168F1EC378E600F8B3A8 /* ATMHackathonApp WatchKit Extension.appex */ = {isa = PBXFileReference; explicitFileType = "wrapper.app-extension"; includeInIndex = 0; path = "ATMHackathonApp WatchKit Extension.appex"; sourceTree = BUILT_PRODUCTS_DIR; };
		24B316951EC378E600F8B3A8 /* PushNotificationPayload.apns */ = {isa = PBXFileReference; lastKnownFileType = text; path = PushNotificationPayload.apns; sourceTree = "<group>"; };
		24B316961EC378E600F8B3A8 /* InterfaceController.swift */ = {isa = PBXFileReference; lastKnownFileType = sourcecode.swift; path = InterfaceController.swift; sourceTree = "<group>"; };
		24B316981EC378E600F8B3A8 /* ExtensionDelegate.swift */ = {isa = PBXFileReference; lastKnownFileType = sourcecode.swift; path = ExtensionDelegate.swift; sourceTree = "<group>"; };
		24B3169A1EC378E600F8B3A8 /* NotificationController.swift */ = {isa = PBXFileReference; lastKnownFileType = sourcecode.swift; path = NotificationController.swift; sourceTree = "<group>"; };
		24B3169C1EC378E600F8B3A8 /* Assets.xcassets */ = {isa = PBXFileReference; lastKnownFileType = folder.assetcatalog; path = Assets.xcassets; sourceTree = "<group>"; };
		24B3169E1EC378E600F8B3A8 /* Info.plist */ = {isa = PBXFileReference; lastKnownFileType = text.plist.xml; path = Info.plist; sourceTree = "<group>"; };
/* End PBXFileReference section */

/* Begin PBXFrameworksBuildPhase section */
		24B316551EC378E600F8B3A8 /* Frameworks */ = {
			isa = PBXFrameworksBuildPhase;
			buildActionMask = 2147483647;
			files = (
			);
			runOnlyForDeploymentPostprocessing = 0;
		};
		24B316691EC378E600F8B3A8 /* Frameworks */ = {
			isa = PBXFrameworksBuildPhase;
			buildActionMask = 2147483647;
			files = (
			);
			runOnlyForDeploymentPostprocessing = 0;
		};
		24B316741EC378E600F8B3A8 /* Frameworks */ = {
			isa = PBXFrameworksBuildPhase;
			buildActionMask = 2147483647;
			files = (
			);
			runOnlyForDeploymentPostprocessing = 0;
		};
		24B3168C1EC378E600F8B3A8 /* Frameworks */ = {
			isa = PBXFrameworksBuildPhase;
			buildActionMask = 2147483647;
			files = (
			);
			runOnlyForDeploymentPostprocessing = 0;
		};
/* End PBXFrameworksBuildPhase section */

/* Begin PBXGroup section */
		24B3164F1EC378E600F8B3A8 = {
			isa = PBXGroup;
			children = (
				24B3165A1EC378E600F8B3A8 /* ATMHackathonApp */,
				24B3166F1EC378E600F8B3A8 /* ATMHackathonAppTests */,
				24B3167A1EC378E600F8B3A8 /* ATMHackathonAppUITests */,
				24B316841EC378E600F8B3A8 /* ATMHackathonApp WatchKit App */,
				24B316931EC378E600F8B3A8 /* ATMHackathonApp WatchKit Extension */,
				24B316591EC378E600F8B3A8 /* Products */,
			);
			sourceTree = "<group>";
		};
		24B316591EC378E600F8B3A8 /* Products */ = {
			isa = PBXGroup;
			children = (
				24B316581EC378E600F8B3A8 /* ATMHackathonApp.app */,
				24B3166C1EC378E600F8B3A8 /* ATMHackathonAppTests.xctest */,
				24B316771EC378E600F8B3A8 /* ATMHackathonAppUITests.xctest */,
				24B316801EC378E600F8B3A8 /* ATMHackathonApp WatchKit App.app */,
				24B3168F1EC378E600F8B3A8 /* ATMHackathonApp WatchKit Extension.appex */,
			);
			name = Products;
			sourceTree = "<group>";
		};
		24B3165A1EC378E600F8B3A8 /* ATMHackathonApp */ = {
			isa = PBXGroup;
			children = (
				24B3165B1EC378E600F8B3A8 /* AppDelegate.swift */,
				24B3165D1EC378E600F8B3A8 /* ViewController.swift */,
				24B3165F1EC378E600F8B3A8 /* Main.storyboard */,
				24B316621EC378E600F8B3A8 /* Assets.xcassets */,
				24B316641EC378E600F8B3A8 /* LaunchScreen.storyboard */,
				24B316671EC378E600F8B3A8 /* Info.plist */,
			);
			path = ATMHackathonApp;
			sourceTree = "<group>";
		};
		24B3166F1EC378E600F8B3A8 /* ATMHackathonAppTests */ = {
			isa = PBXGroup;
			children = (
				24B316701EC378E600F8B3A8 /* ATMHackathonAppTests.swift */,
				24B316721EC378E600F8B3A8 /* Info.plist */,
			);
			path = ATMHackathonAppTests;
			sourceTree = "<group>";
		};
		24B3167A1EC378E600F8B3A8 /* ATMHackathonAppUITests */ = {
			isa = PBXGroup;
			children = (
				24B3167B1EC378E600F8B3A8 /* ATMHackathonAppUITests.swift */,
				24B3167D1EC378E600F8B3A8 /* Info.plist */,
			);
			path = ATMHackathonAppUITests;
			sourceTree = "<group>";
		};
		24B316841EC378E600F8B3A8 /* ATMHackathonApp WatchKit App */ = {
			isa = PBXGroup;
			children = (
				24B316851EC378E600F8B3A8 /* Interface.storyboard */,
				24B316881EC378E600F8B3A8 /* Assets.xcassets */,
				24B3168A1EC378E600F8B3A8 /* Info.plist */,
			);
			path = "ATMHackathonApp WatchKit App";
			sourceTree = "<group>";
		};
		24B316931EC378E600F8B3A8 /* ATMHackathonApp WatchKit Extension */ = {
			isa = PBXGroup;
			children = (
				24B316961EC378E600F8B3A8 /* InterfaceController.swift */,
				24B316981EC378E600F8B3A8 /* ExtensionDelegate.swift */,
				24B3169A1EC378E600F8B3A8 /* NotificationController.swift */,
				24B3169C1EC378E600F8B3A8 /* Assets.xcassets */,
				24B3169E1EC378E600F8B3A8 /* Info.plist */,
				24B316941EC378E600F8B3A8 /* Supporting Files */,
			);
			path = "ATMHackathonApp WatchKit Extension";
			sourceTree = "<group>";
		};
		24B316941EC378E600F8B3A8 /* Supporting Files */ = {
			isa = PBXGroup;
			children = (
				24B316951EC378E600F8B3A8 /* PushNotificationPayload.apns */,
			);
			name = "Supporting Files";
			sourceTree = "<group>";
		};
/* End PBXGroup section */

/* Begin PBXNativeTarget section */
		24B316571EC378E600F8B3A8 /* ATMHackathonApp */ = {
			isa = PBXNativeTarget;
			buildConfigurationList = 24B316A91EC378E600F8B3A8 /* Build configuration list for PBXNativeTarget "ATMHackathonApp" */;
			buildPhases = (
				24B316541EC378E600F8B3A8 /* Sources */,
				24B316551EC378E600F8B3A8 /* Frameworks */,
				24B316561EC378E600F8B3A8 /* Resources */,
				24B316A81EC378E600F8B3A8 /* Embed Watch Content */,
			);
			buildRules = (
			);
			dependencies = (
				24B316831EC378E600F8B3A8 /* PBXTargetDependency */,
			);
			name = ATMHackathonApp;
			productName = ATMHackathonApp;
			productReference = 24B316581EC378E600F8B3A8 /* ATMHackathonApp.app */;
			productType = "com.apple.product-type.application";
		};
		24B3166B1EC378E600F8B3A8 /* ATMHackathonAppTests */ = {
			isa = PBXNativeTarget;
			buildConfigurationList = 24B316AC1EC378E600F8B3A8 /* Build configuration list for PBXNativeTarget "ATMHackathonAppTests" */;
			buildPhases = (
				24B316681EC378E600F8B3A8 /* Sources */,
				24B316691EC378E600F8B3A8 /* Frameworks */,
				24B3166A1EC378E600F8B3A8 /* Resources */,
			);
			buildRules = (
			);
			dependencies = (
				24B3166E1EC378E600F8B3A8 /* PBXTargetDependency */,
			);
			name = ATMHackathonAppTests;
			productName = ATMHackathonAppTests;
			productReference = 24B3166C1EC378E600F8B3A8 /* ATMHackathonAppTests.xctest */;
			productType = "com.apple.product-type.bundle.unit-test";
		};
		24B316761EC378E600F8B3A8 /* ATMHackathonAppUITests */ = {
			isa = PBXNativeTarget;
			buildConfigurationList = 24B316AF1EC378E600F8B3A8 /* Build configuration list for PBXNativeTarget "ATMHackathonAppUITests" */;
			buildPhases = (
				24B316731EC378E600F8B3A8 /* Sources */,
				24B316741EC378E600F8B3A8 /* Frameworks */,
				24B316751EC378E600F8B3A8 /* Resources */,
			);
			buildRules = (
			);
			dependencies = (
				24B316791EC378E600F8B3A8 /* PBXTargetDependency */,
			);
			name = ATMHackathonAppUITests;
			productName = ATMHackathonAppUITests;
			productReference = 24B316771EC378E600F8B3A8 /* ATMHackathonAppUITests.xctest */;
			productType = "com.apple.product-type.bundle.ui-testing";
		};
		24B3167F1EC378E600F8B3A8 /* ATMHackathonApp WatchKit App */ = {
			isa = PBXNativeTarget;
			buildConfigurationList = 24B316A51EC378E600F8B3A8 /* Build configuration list for PBXNativeTarget "ATMHackathonApp WatchKit App" */;
			buildPhases = (
				24B3167E1EC378E600F8B3A8 /* Resources */,
				24B316A41EC378E600F8B3A8 /* Embed App Extensions */,
			);
			buildRules = (
			);
			dependencies = (
				24B316921EC378E600F8B3A8 /* PBXTargetDependency */,
			);
			name = "ATMHackathonApp WatchKit App";
			productName = "ATMHackathonApp WatchKit App";
			productReference = 24B316801EC378E600F8B3A8 /* ATMHackathonApp WatchKit App.app */;
			productType = "com.apple.product-type.application.watchapp2";
		};
		24B3168E1EC378E600F8B3A8 /* ATMHackathonApp WatchKit Extension */ = {
			isa = PBXNativeTarget;
			buildConfigurationList = 24B316A11EC378E600F8B3A8 /* Build configuration list for PBXNativeTarget "ATMHackathonApp WatchKit Extension" */;
			buildPhases = (
				24B3168B1EC378E600F8B3A8 /* Sources */,
				24B3168C1EC378E600F8B3A8 /* Frameworks */,
				24B3168D1EC378E600F8B3A8 /* Resources */,
			);
			buildRules = (
			);
			dependencies = (
			);
			name = "ATMHackathonApp WatchKit Extension";
			productName = "ATMHackathonApp WatchKit Extension";
			productReference = 24B3168F1EC378E600F8B3A8 /* ATMHackathonApp WatchKit Extension.appex */;
			productType = "com.apple.product-type.watchkit2-extension";
		};
/* End PBXNativeTarget section */

/* Begin PBXProject section */
		24B316501EC378E600F8B3A8 /* Project object */ = {
			isa = PBXProject;
			attributes = {
				LastSwiftUpdateCheck = 0830;
				LastUpgradeCheck = 0830;
				ORGANIZATIONNAME = "Capital One";
				TargetAttributes = {
					24B316571EC378E600F8B3A8 = {
						CreatedOnToolsVersion = 8.3.1;
						DevelopmentTeam = K6H4DD6KS8;
						ProvisioningStyle = Automatic;
					};
					24B3166B1EC378E600F8B3A8 = {
						CreatedOnToolsVersion = 8.3.1;
						DevelopmentTeam = K6H4DD6KS8;
						ProvisioningStyle = Automatic;
						TestTargetID = 24B316571EC378E600F8B3A8;
					};
					24B316761EC378E600F8B3A8 = {
						CreatedOnToolsVersion = 8.3.1;
						DevelopmentTeam = K6H4DD6KS8;
						ProvisioningStyle = Automatic;
						TestTargetID = 24B316571EC378E600F8B3A8;
					};
					24B3167F1EC378E600F8B3A8 = {
						CreatedOnToolsVersion = 8.3.1;
						DevelopmentTeam = K6H4DD6KS8;
						ProvisioningStyle = Automatic;
					};
					24B3168E1EC378E600F8B3A8 = {
						CreatedOnToolsVersion = 8.3.1;
						DevelopmentTeam = K6H4DD6KS8;
						ProvisioningStyle = Automatic;
					};
				};
			};
			buildConfigurationList = 24B316531EC378E600F8B3A8 /* Build configuration list for PBXProject "ATMHackathonApp" */;
			compatibilityVersion = "Xcode 3.2";
			developmentRegion = English;
			hasScannedForEncodings = 0;
			knownRegions = (
				en,
				Base,
			);
			mainGroup = 24B3164F1EC378E600F8B3A8;
			productRefGroup = 24B316591EC378E600F8B3A8 /* Products */;
			projectDirPath = "";
			projectRoot = "";
			targets = (
				24B316571EC378E600F8B3A8 /* ATMHackathonApp */,
				24B3166B1EC378E600F8B3A8 /* ATMHackathonAppTests */,
				24B316761EC378E600F8B3A8 /* ATMHackathonAppUITests */,
				24B3167F1EC378E600F8B3A8 /* ATMHackathonApp WatchKit App */,
				24B3168E1EC378E600F8B3A8 /* ATMHackathonApp WatchKit Extension */,
			);
		};
/* End PBXProject section */

/* Begin PBXResourcesBuildPhase section */
		24B316561EC378E600F8B3A8 /* Resources */ = {
			isa = PBXResourcesBuildPhase;
			buildActionMask = 2147483647;
			files = (
				24B316661EC378E600F8B3A8 /* LaunchScreen.storyboard in Resources */,
				24B316631EC378E600F8B3A8 /* Assets.xcassets in Resources */,
				24B316611EC378E600F8B3A8 /* Main.storyboard in Resources */,
			);
			runOnlyForDeploymentPostprocessing = 0;
		};
		24B3166A1EC378E600F8B3A8 /* Resources */ = {
			isa = PBXResourcesBuildPhase;
			buildActionMask = 2147483647;
			files = (
			);
			runOnlyForDeploymentPostprocessing = 0;
		};
		24B316751EC378E600F8B3A8 /* Resources */ = {
			isa = PBXResourcesBuildPhase;
			buildActionMask = 2147483647;
			files = (
			);
			runOnlyForDeploymentPostprocessing = 0;
		};
		24B3167E1EC378E600F8B3A8 /* Resources */ = {
			isa = PBXResourcesBuildPhase;
			buildActionMask = 2147483647;
			files = (
				24B316891EC378E600F8B3A8 /* Assets.xcassets in Resources */,
				24B316871EC378E600F8B3A8 /* Interface.storyboard in Resources */,
			);
			runOnlyForDeploymentPostprocessing = 0;
		};
		24B3168D1EC378E600F8B3A8 /* Resources */ = {
			isa = PBXResourcesBuildPhase;
			buildActionMask = 2147483647;
			files = (
				24B3169D1EC378E600F8B3A8 /* Assets.xcassets in Resources */,
			);
			runOnlyForDeploymentPostprocessing = 0;
		};
/* End PBXResourcesBuildPhase section */

/* Begin PBXSourcesBuildPhase section */
		24B316541EC378E600F8B3A8 /* Sources */ = {
			isa = PBXSourcesBuildPhase;
			buildActionMask = 2147483647;
			files = (
				24B3165E1EC378E600F8B3A8 /* ViewController.swift in Sources */,
				24B3165C1EC378E600F8B3A8 /* AppDelegate.swift in Sources */,
			);
			runOnlyForDeploymentPostprocessing = 0;
		};
		24B316681EC378E600F8B3A8 /* Sources */ = {
			isa = PBXSourcesBuildPhase;
			buildActionMask = 2147483647;
			files = (
				24B316711EC378E600F8B3A8 /* ATMHackathonAppTests.swift in Sources */,
			);
			runOnlyForDeploymentPostprocessing = 0;
		};
		24B316731EC378E600F8B3A8 /* Sources */ = {
			isa = PBXSourcesBuildPhase;
			buildActionMask = 2147483647;
			files = (
				24B3167C1EC378E600F8B3A8 /* ATMHackathonAppUITests.swift in Sources */,
			);
			runOnlyForDeploymentPostprocessing = 0;
		};
		24B3168B1EC378E600F8B3A8 /* Sources */ = {
			isa = PBXSourcesBuildPhase;
			buildActionMask = 2147483647;
			files = (
				24B3169B1EC378E600F8B3A8 /* NotificationController.swift in Sources */,
				24B316991EC378E600F8B3A8 /* ExtensionDelegate.swift in Sources */,
				24B316971EC378E600F8B3A8 /* InterfaceController.swift in Sources */,
			);
			runOnlyForDeploymentPostprocessing = 0;
		};
/* End PBXSourcesBuildPhase section */

/* Begin PBXTargetDependency section */
		24B3166E1EC378E600F8B3A8 /* PBXTargetDependency */ = {
			isa = PBXTargetDependency;
			target = 24B316571EC378E600F8B3A8 /* ATMHackathonApp */;
			targetProxy = 24B3166D1EC378E600F8B3A8 /* PBXContainerItemProxy */;
		};
		24B316791EC378E600F8B3A8 /* PBXTargetDependency */ = {
			isa = PBXTargetDependency;
			target = 24B316571EC378E600F8B3A8 /* ATMHackathonApp */;
			targetProxy = 24B316781EC378E600F8B3A8 /* PBXContainerItemProxy */;
		};
		24B316831EC378E600F8B3A8 /* PBXTargetDependency */ = {
			isa = PBXTargetDependency;
			target = 24B3167F1EC378E600F8B3A8 /* ATMHackathonApp WatchKit App */;
			targetProxy = 24B316821EC378E600F8B3A8 /* PBXContainerItemProxy */;
		};
		24B316921EC378E600F8B3A8 /* PBXTargetDependency */ = {
			isa = PBXTargetDependency;
			target = 24B3168E1EC378E600F8B3A8 /* ATMHackathonApp WatchKit Extension */;
			targetProxy = 24B316911EC378E600F8B3A8 /* PBXContainerItemProxy */;
		};
/* End PBXTargetDependency section */

/* Begin PBXVariantGroup section */
		24B3165F1EC378E600F8B3A8 /* Main.storyboard */ = {
			isa = PBXVariantGroup;
			children = (
				24B316601EC378E600F8B3A8 /* Base */,
			);
			name = Main.storyboard;
			sourceTree = "<group>";
		};
		24B316641EC378E600F8B3A8 /* LaunchScreen.storyboard */ = {
			isa = PBXVariantGroup;
			children = (
				24B316651EC378E600F8B3A8 /* Base */,
			);
			name = LaunchScreen.storyboard;
			sourceTree = "<group>";
		};
		24B316851EC378E600F8B3A8 /* Interface.storyboard */ = {
			isa = PBXVariantGroup;
			children = (
				24B316861EC378E600F8B3A8 /* Base */,
			);
			name = Interface.storyboard;
			sourceTree = "<group>";
		};
/* End PBXVariantGroup section */

/* Begin XCBuildConfiguration section */
		24B3169F1EC378E600F8B3A8 /* Debug */ = {
			isa = XCBuildConfiguration;
			buildSettings = {
				ALWAYS_SEARCH_USER_PATHS = NO;
				CLANG_ANALYZER_NONNULL = YES;
				CLANG_ANALYZER_NUMBER_OBJECT_CONVERSION = YES_AGGRESSIVE;
				CLANG_CXX_LANGUAGE_STANDARD = "gnu++0x";
				CLANG_CXX_LIBRARY = "libc++";
				CLANG_ENABLE_MODULES = YES;
				CLANG_ENABLE_OBJC_ARC = YES;
				CLANG_WARN_BOOL_CONVERSION = YES;
				CLANG_WARN_CONSTANT_CONVERSION = YES;
				CLANG_WARN_DIRECT_OBJC_ISA_USAGE = YES_ERROR;
				CLANG_WARN_DOCUMENTATION_COMMENTS = YES;
				CLANG_WARN_EMPTY_BODY = YES;
				CLANG_WARN_ENUM_CONVERSION = YES;
				CLANG_WARN_INFINITE_RECURSION = YES;
				CLANG_WARN_INT_CONVERSION = YES;
				CLANG_WARN_OBJC_ROOT_CLASS = YES_ERROR;
				CLANG_WARN_SUSPICIOUS_MOVE = YES;
				CLANG_WARN_UNREACHABLE_CODE = YES;
				CLANG_WARN__DUPLICATE_METHOD_MATCH = YES;
				"CODE_SIGN_IDENTITY[sdk=iphoneos*]" = "iPhone Developer";
				COPY_PHASE_STRIP = NO;
				DEBUG_INFORMATION_FORMAT = dwarf;
				ENABLE_STRICT_OBJC_MSGSEND = YES;
				ENABLE_TESTABILITY = YES;
				GCC_C_LANGUAGE_STANDARD = gnu99;
				GCC_DYNAMIC_NO_PIC = NO;
				GCC_NO_COMMON_BLOCKS = YES;
				GCC_OPTIMIZATION_LEVEL = 0;
				GCC_PREPROCESSOR_DEFINITIONS = (
					"DEBUG=1",
					"$(inherited)",
				);
				GCC_WARN_64_TO_32_BIT_CONVERSION = YES;
				GCC_WARN_ABOUT_RETURN_TYPE = YES_ERROR;
				GCC_WARN_UNDECLARED_SELECTOR = YES;
				GCC_WARN_UNINITIALIZED_AUTOS = YES_AGGRESSIVE;
				GCC_WARN_UNUSED_FUNCTION = YES;
				GCC_WARN_UNUSED_VARIABLE = YES;
				IPHONEOS_DEPLOYMENT_TARGET = 10.3;
				MTL_ENABLE_DEBUG_INFO = YES;
				ONLY_ACTIVE_ARCH = YES;
				SDKROOT = iphoneos;
				SWIFT_ACTIVE_COMPILATION_CONDITIONS = DEBUG;
				SWIFT_OPTIMIZATION_LEVEL = "-Onone";
			};
			name = Debug;
		};
		24B316A01EC378E600F8B3A8 /* Release */ = {
			isa = XCBuildConfiguration;
			buildSettings = {
				ALWAYS_SEARCH_USER_PATHS = NO;
				CLANG_ANALYZER_NONNULL = YES;
				CLANG_ANALYZER_NUMBER_OBJECT_CONVERSION = YES_AGGRESSIVE;
				CLANG_CXX_LANGUAGE_STANDARD = "gnu++0x";
				CLANG_CXX_LIBRARY = "libc++";
				CLANG_ENABLE_MODULES = YES;
				CLANG_ENABLE_OBJC_ARC = YES;
				CLANG_WARN_BOOL_CONVERSION = YES;
				CLANG_WARN_CONSTANT_CONVERSION = YES;
				CLANG_WARN_DIRECT_OBJC_ISA_USAGE = YES_ERROR;
				CLANG_WARN_DOCUMENTATION_COMMENTS = YES;
				CLANG_WARN_EMPTY_BODY = YES;
				CLANG_WARN_ENUM_CONVERSION = YES;
				CLANG_WARN_INFINITE_RECURSION = YES;
				CLANG_WARN_INT_CONVERSION = YES;
				CLANG_WARN_OBJC_ROOT_CLASS = YES_ERROR;
				CLANG_WARN_SUSPICIOUS_MOVE = YES;
				CLANG_WARN_UNREACHABLE_CODE = YES;
				CLANG_WARN__DUPLICATE_METHOD_MATCH = YES;
				"CODE_SIGN_IDENTITY[sdk=iphoneos*]" = "iPhone Developer";
				COPY_PHASE_STRIP = NO;
				DEBUG_INFORMATION_FORMAT = "dwarf-with-dsym";
				ENABLE_NS_ASSERTIONS = NO;
				ENABLE_STRICT_OBJC_MSGSEND = YES;
				GCC_C_LANGUAGE_STANDARD = gnu99;
				GCC_NO_COMMON_BLOCKS = YES;
				GCC_WARN_64_TO_32_BIT_CONVERSION = YES;
				GCC_WARN_ABOUT_RETURN_TYPE = YES_ERROR;
				GCC_WARN_UNDECLARED_SELECTOR = YES;
				GCC_WARN_UNINITIALIZED_AUTOS = YES_AGGRESSIVE;
				GCC_WARN_UNUSED_FUNCTION = YES;
				GCC_WARN_UNUSED_VARIABLE = YES;
				IPHONEOS_DEPLOYMENT_TARGET = 10.3;
				MTL_ENABLE_DEBUG_INFO = NO;
				SDKROOT = iphoneos;
				SWIFT_OPTIMIZATION_LEVEL = "-Owholemodule";
				VALIDATE_PRODUCT = YES;
			};
			name = Release;
		};
		24B316A21EC378E600F8B3A8 /* Debug */ = {
			isa = XCBuildConfiguration;
			buildSettings = {
				ASSETCATALOG_COMPILER_COMPLICATION_NAME = Complication;
				DEVELOPMENT_TEAM = K6H4DD6KS8;
				INFOPLIST_FILE = "ATMHackathonApp WatchKit Extension/Info.plist";
				LD_RUNPATH_SEARCH_PATHS = "$(inherited) @executable_path/Frameworks @executable_path/../../Frameworks";
				PRODUCT_BUNDLE_IDENTIFIER = com.overend.ATMHackathonApp.watchkitapp.watchkitextension;
				PRODUCT_NAME = "${TARGET_NAME}";
				SDKROOT = watchos;
				SKIP_INSTALL = YES;
				SWIFT_VERSION = 3.0;
				TARGETED_DEVICE_FAMILY = 4;
				WATCHOS_DEPLOYMENT_TARGET = 3.2;
			};
			name = Debug;
		};
		24B316A31EC378E600F8B3A8 /* Release */ = {
			isa = XCBuildConfiguration;
			buildSettings = {
				ASSETCATALOG_COMPILER_COMPLICATION_NAME = Complication;
				DEVELOPMENT_TEAM = K6H4DD6KS8;
				INFOPLIST_FILE = "ATMHackathonApp WatchKit Extension/Info.plist";
				LD_RUNPATH_SEARCH_PATHS = "$(inherited) @executable_path/Frameworks @executable_path/../../Frameworks";
				PRODUCT_BUNDLE_IDENTIFIER = com.overend.ATMHackathonApp.watchkitapp.watchkitextension;
				PRODUCT_NAME = "${TARGET_NAME}";
				SDKROOT = watchos;
				SKIP_INSTALL = YES;
				SWIFT_VERSION = 3.0;
				TARGETED_DEVICE_FAMILY = 4;
				WATCHOS_DEPLOYMENT_TARGET = 3.2;
			};
			name = Release;
		};
		24B316A61EC378E600F8B3A8 /* Debug */ = {
			isa = XCBuildConfiguration;
			buildSettings = {
				ALWAYS_EMBED_SWIFT_STANDARD_LIBRARIES = YES;
				ASSETCATALOG_COMPILER_APPICON_NAME = AppIcon;
				DEVELOPMENT_TEAM = K6H4DD6KS8;
				IBSC_MODULE = ATMHackathonApp_WatchKit_Extension;
				INFOPLIST_FILE = "ATMHackathonApp WatchKit App/Info.plist";
				PRODUCT_BUNDLE_IDENTIFIER = com.overend.ATMHackathonApp.watchkitapp;
				PRODUCT_NAME = "$(TARGET_NAME)";
				SDKROOT = watchos;
				SKIP_INSTALL = YES;
				SWIFT_VERSION = 3.0;
				TARGETED_DEVICE_FAMILY = 4;
				WATCHOS_DEPLOYMENT_TARGET = 3.2;
			};
			name = Debug;
		};
		24B316A71EC378E600F8B3A8 /* Release */ = {
			isa = XCBuildConfiguration;
			buildSettings = {
				ALWAYS_EMBED_SWIFT_STANDARD_LIBRARIES = YES;
				ASSETCATALOG_COMPILER_APPICON_NAME = AppIcon;
				DEVELOPMENT_TEAM = K6H4DD6KS8;
				IBSC_MODULE = ATMHackathonApp_WatchKit_Extension;
				INFOPLIST_FILE = "ATMHackathonApp WatchKit App/Info.plist";
				PRODUCT_BUNDLE_IDENTIFIER = com.overend.ATMHackathonApp.watchkitapp;
				PRODUCT_NAME = "$(TARGET_NAME)";
				SDKROOT = watchos;
				SKIP_INSTALL = YES;
				SWIFT_VERSION = 3.0;
				TARGETED_DEVICE_FAMILY = 4;
				WATCHOS_DEPLOYMENT_TARGET = 3.2;
			};
			name = Release;
		};
		24B316AA1EC378E600F8B3A8 /* Debug */ = {
			isa = XCBuildConfiguration;
			buildSettings = {
				ASSETCATALOG_COMPILER_APPICON_NAME = AppIcon;
				DEVELOPMENT_TEAM = K6H4DD6KS8;
				INFOPLIST_FILE = ATMHackathonApp/Info.plist;
				LD_RUNPATH_SEARCH_PATHS = "$(inherited) @executable_path/Frameworks";
				PRODUCT_BUNDLE_IDENTIFIER = com.overend.atm.hackathon;
				PRODUCT_NAME = "$(TARGET_NAME)";
				SWIFT_VERSION = 3.0;
			};
			name = Debug;
		};
		24B316AB1EC378E600F8B3A8 /* Release */ = {
			isa = XCBuildConfiguration;
			buildSettings = {
				ASSETCATALOG_COMPILER_APPICON_NAME = AppIcon;
				DEVELOPMENT_TEAM = K6H4DD6KS8;
				INFOPLIST_FILE = ATMHackathonApp/Info.plist;
				LD_RUNPATH_SEARCH_PATHS = "$(inherited) @executable_path/Frameworks";
				PRODUCT_BUNDLE_IDENTIFIER = com.overend.atm.hackathon;
				PRODUCT_NAME = "$(TARGET_NAME)";
				SWIFT_VERSION = 3.0;
			};
			name = Release;
		};
		24B316AD1EC378E600F8B3A8 /* Debug */ = {
			isa = XCBuildConfiguration;
			buildSettings = {
				ALWAYS_EMBED_SWIFT_STANDARD_LIBRARIES = YES;
				BUNDLE_LOADER = "$(TEST_HOST)";
				DEVELOPMENT_TEAM = K6H4DD6KS8;
				INFOPLIST_FILE = ATMHackathonAppTests/Info.plist;
				LD_RUNPATH_SEARCH_PATHS = "$(inherited) @executable_path/Frameworks @loader_path/Frameworks";
				PRODUCT_BUNDLE_IDENTIFIER = com.overend.ATMHackathonAppTests;
				PRODUCT_NAME = "$(TARGET_NAME)";
				SWIFT_VERSION = 3.0;
				TEST_HOST = "$(BUILT_PRODUCTS_DIR)/ATMHackathonApp.app/ATMHackathonApp";
			};
			name = Debug;
		};
		24B316AE1EC378E600F8B3A8 /* Release */ = {
			isa = XCBuildConfiguration;
			buildSettings = {
				ALWAYS_EMBED_SWIFT_STANDARD_LIBRARIES = YES;
				BUNDLE_LOADER = "$(TEST_HOST)";
				DEVELOPMENT_TEAM = K6H4DD6KS8;
				INFOPLIST_FILE = ATMHackathonAppTests/Info.plist;
				LD_RUNPATH_SEARCH_PATHS = "$(inherited) @executable_path/Frameworks @loader_path/Frameworks";
				PRODUCT_BUNDLE_IDENTIFIER = com.overend.ATMHackathonAppTests;
				PRODUCT_NAME = "$(TARGET_NAME)";
				SWIFT_VERSION = 3.0;
				TEST_HOST = "$(BUILT_PRODUCTS_DIR)/ATMHackathonApp.app/ATMHackathonApp";
			};
			name = Release;
		};
		24B316B01EC378E600F8B3A8 /* Debug */ = {
			isa = XCBuildConfiguration;
			buildSettings = {
				ALWAYS_EMBED_SWIFT_STANDARD_LIBRARIES = YES;
				DEVELOPMENT_TEAM = K6H4DD6KS8;
				INFOPLIST_FILE = ATMHackathonAppUITests/Info.plist;
				LD_RUNPATH_SEARCH_PATHS = "$(inherited) @executable_path/Frameworks @loader_path/Frameworks";
				PRODUCT_BUNDLE_IDENTIFIER = com.overend.ATMHackathonAppUITests;
				PRODUCT_NAME = "$(TARGET_NAME)";
				SWIFT_VERSION = 3.0;
				TEST_TARGET_NAME = ATMHackathonApp;
			};
			name = Debug;
		};
		24B316B11EC378E600F8B3A8 /* Release */ = {
			isa = XCBuildConfiguration;
			buildSettings = {
				ALWAYS_EMBED_SWIFT_STANDARD_LIBRARIES = YES;
				DEVELOPMENT_TEAM = K6H4DD6KS8;
				INFOPLIST_FILE = ATMHackathonAppUITests/Info.plist;
				LD_RUNPATH_SEARCH_PATHS = "$(inherited) @executable_path/Frameworks @loader_path/Frameworks";
				PRODUCT_BUNDLE_IDENTIFIER = com.overend.ATMHackathonAppUITests;
				PRODUCT_NAME = "$(TARGET_NAME)";
				SWIFT_VERSION = 3.0;
				TEST_TARGET_NAME = ATMHackathonApp;
			};
			name = Release;
		};
/* End XCBuildConfiguration section */

/* Begin XCConfigurationList section */
		24B316531EC378E600F8B3A8 /* Build configuration list for PBXProject "ATMHackathonApp" */ = {
			isa = XCConfigurationList;
			buildConfigurations = (
				24B3169F1EC378E600F8B3A8 /* Debug */,
				24B316A01EC378E600F8B3A8 /* Release */,
			);
			defaultConfigurationIsVisible = 0;
			defaultConfigurationName = Release;
		};
		24B316A11EC378E600F8B3A8 /* Build configuration list for PBXNativeTarget "ATMHackathonApp WatchKit Extension" */ = {
			isa = XCConfigurationList;
			buildConfigurations = (
				24B316A21EC378E600F8B3A8 /* Debug */,
				24B316A31EC378E600F8B3A8 /* Release */,
			);
			defaultConfigurationIsVisible = 0;
		};
		24B316A51EC378E600F8B3A8 /* Build configuration list for PBXNativeTarget "ATMHackathonApp WatchKit App" */ = {
			isa = XCConfigurationList;
			buildConfigurations = (
				24B316A61EC378E600F8B3A8 /* Debug */,
				24B316A71EC378E600F8B3A8 /* Release */,
			);
			defaultConfigurationIsVisible = 0;
		};
		24B316A91EC378E600F8B3A8 /* Build configuration list for PBXNativeTarget "ATMHackathonApp" */ = {
			isa = XCConfigurationList;
			buildConfigurations = (
				24B316AA1EC378E600F8B3A8 /* Debug */,
				24B316AB1EC378E600F8B3A8 /* Release */,
			);
			defaultConfigurationIsVisible = 0;
		};
		24B316AC1EC378E600F8B3A8 /* Build configuration list for PBXNativeTarget "ATMHackathonAppTests" */ = {
			isa = XCConfigurationList;
			buildConfigurations = (
				24B316AD1EC378E600F8B3A8 /* Debug */,
				24B316AE1EC378E600F8B3A8 /* Release */,
			);
			defaultConfigurationIsVisible = 0;
		};
		24B316AF1EC378E600F8B3A8 /* Build configuration list for PBXNativeTarget "ATMHackathonAppUITests" */ = {
			isa = XCConfigurationList;
			buildConfigurations = (
				24B316B01EC378E600F8B3A8 /* Debug */,
				24B316B11EC378E600F8B3A8 /* Release */,
			);
			defaultConfigurationIsVisible = 0;
		};
/* End XCConfigurationList section */
	};
	rootObject = 24B316501EC378E600F8B3A8 /* Project object */;
}
